
Microsoft Visual Studio Solution File, Format Version 12.00
# Visual Studio Version 16
VisualStudioVersion = 16.0.30804.86
MinimumVisualStudioVersion = 10.0.40219.1
Project("{FAE04EC0-301F-11D3-BF4B-00C04F79EFBC}") = "ImageManipulator", "ImageManipulator\ImageManipulator.csproj", "{1F618F42-5A01-4256-BC39-E9F25518859D}"
EndProject
Project("{FAE04EC0-301F-11D3-BF4B-00C04F79EFBC}") = "ImageManipulator.Business", "ImageManipulator.Business\ImageManipulator.Business.csproj", "{C3B8067F-A11A-45CF-AEB1-78D40E702B49}"
EndProject
Global
	GlobalSection(SolutionConfigurationPlatforms) = preSolution
		Debug|Any CPU = Debug|Any CPU
		Release|Any CPU = Release|Any CPU
	EndGlobalSection
	GlobalSection(ProjectConfigurationPlatforms) = postSolution
		{1F618F42-5A01-4256-BC39-E9F25518859D}.Debug|Any CPU.ActiveCfg = Debug|Any CPU
		{1F618F42-5A01-4256-BC39-E9F25518859D}.Debug|Any CPU.Build.0 = Debug|Any CPU
		{1F618F42-5A01-4256-BC39-E9F25518859D}.Release|Any CPU.ActiveCfg = Release|Any CPU
		{1F618F42-5A01-4256-BC39-E9F25518859D}.Release|Any CPU.Build.0 = Release|Any CPU
		{C3B8067F-A11A-45CF-AEB1-78D40E702B49}.Debug|Any CPU.ActiveCfg = Debug|Any CPU
		{C3B8067F-A11A-45CF-AEB1-78D40E702B49}.Debug|Any CPU.Build.0 = Debug|Any CPU
		{C3B8067F-A11A-45CF-AEB1-78D40E702B49}.Release|Any CPU.ActiveCfg = Release|Any CPU
		{C3B8067F-A11A-45CF-AEB1-78D40E702B49}.Release|Any CPU.Build.0 = Release|Any CPU
	EndGlobalSection
	GlobalSection(SolutionProperties) = preSolution
		HideSolutionNode = FALSE
	EndGlobalSection
	GlobalSection(ExtensibilityGlobals) = postSolution
		SolutionGuid = {87EECFB5-9C0E-4143-AD73-402CF190AE4B}
	EndGlobalSection
EndGlobal
